
Microsoft Visual Studio Solution File, Format Version 12.00
# Visual Studio Version 17
VisualStudioVersion = 17.7.34018.315
MinimumVisualStudioVersion = 10.0.40219.1
Project("{FAE04EC0-301F-11D3-BF4B-00C04F79EFBC}") = "ExpressionTree_Calculator", "ExpressionTree_Calculator\ExpressionTree_Calculator.csproj", "{23127AAD-953D-49E3-810B-0F57C836B314}"
EndProject
Global
	GlobalSection(SolutionConfigurationPlatforms) = preSolution
		Debug|Any CPU = Debug|Any CPU
		Release|Any CPU = Release|Any CPU
	EndGlobalSection
	GlobalSection(ProjectConfigurationPlatforms) = postSolution
		{23127AAD-953D-49E3-810B-0F57C836B314}.Debug|Any CPU.ActiveCfg = Debug|Any CPU
		{23127AAD-953D-49E3-810B-0F57C836B314}.Debug|Any CPU.Build.0 = Debug|Any CPU
		{23127AAD-953D-49E3-810B-0F57C836B314}.Release|Any CPU.ActiveCfg = Release|Any CPU
		{23127AAD-953D-49E3-810B-0F57C836B314}.Release|Any CPU.Build.0 = Release|Any CPU
	EndGlobalSection
	GlobalSection(SolutionProperties) = preSolution
		HideSolutionNode = FALSE
	EndGlobalSection
	GlobalSection(ExtensibilityGlobals) = postSolution
		SolutionGuid = {3F8A8C3C-5835-4F3A-B3A2-CB7BD358ECD4}
	EndGlobalSection
EndGlobal
